{
  "lockfile_version": "1",
  "packages": {
    "clang-tools@latest": {
      "last_modified": "2025-03-11T17:52:14Z",
      "resolved": "github:NixOS/nixpkgs/0d534853a55b5d02a4ababa1d71921ce8f0aee4c#clang-tools",
      "source": "devbox-search",
      "version": "19.1.7",
      "systems": {
        "aarch64-darwin": {
          "outputs": [
            {
              "name": "out",
              "path": "/nix/store/w9nsgv4q992vzxz0iwcd1835fdkxv9az-clang-tools-19.1.7",
              "default": true
            }
          ],
          "store_path": "/nix/store/w9nsgv4q992vzxz0iwcd1835fdkxv9az-clang-tools-19.1.7"
        },
        "aarch64-linux": {
          "outputs": [
            {
              "name": "out",
              "path": "/nix/store/vqcmbwh0cx2vqb1apajs67jbx53j5vhp-clang-tools-19.1.7",
              "default": true
            }
          ],
          "store_path": "/nix/store/vqcmbwh0cx2vqb1apajs67jbx53j5vhp-clang-tools-19.1.7"
        },
        "x86_64-darwin": {
          "outputs": [
            {
              "name": "out",
              "path": "/nix/store/fcf94fzdv0l2g9sypm2mv6k1qi558cyn-clang-tools-19.1.7",
              "default": true
            }
          ],
          "store_path": "/nix/store/fcf94fzdv0l2g9sypm2mv6k1qi558cyn-clang-tools-19.1.7"
        },
        "x86_64-linux": {
          "outputs": [
            {
              "name": "out",
              "path": "/nix/store/7x4jl492xdhwzqq5dhxm5alisqazmih0-clang-tools-19.1.7",
              "default": true
            }
          ],
          "store_path": "/nix/store/7x4jl492xdhwzqq5dhxm5alisqazmih0-clang-tools-19.1.7"
        }
      }
    },
    "clang@latest": {
      "last_modified": "2025-03-23T05:31:05Z",
      "resolved": "github:NixOS/nixpkgs/dd613136ee91f67e5dba3f3f41ac99ae89c5406b#clang",
      "source": "devbox-search",
      "version": "19.1.7",
      "systems": {
        "aarch64-darwin": {
          "outputs": [
            {
              "name": "out",
              "path": "/nix/store/x8j5wizxn1qwa0zj3a4rbmipigl614jv-clang-wrapper-19.1.7",
              "default": true
            }
          ],
          "store_path": "/nix/store/x8j5wizxn1qwa0zj3a4rbmipigl614jv-clang-wrapper-19.1.7"
        },
        "aarch64-linux": {
          "outputs": [
            {
              "name": "out",
              "path": "/nix/store/jdfxhsmslm5ipvfmhc250awawwv8r2j8-clang-wrapper-19.1.7",
              "default": true
            }
          ],
          "store_path": "/nix/store/jdfxhsmslm5ipvfmhc250awawwv8r2j8-clang-wrapper-19.1.7"
        },
        "x86_64-darwin": {
          "outputs": [
            {
              "name": "out",
              "path": "/nix/store/5c7vhjf0l6hl2j9sygngj6ybrkj6iv8n-clang-wrapper-19.1.7",
              "default": true
            }
          ],
          "store_path": "/nix/store/5c7vhjf0l6hl2j9sygngj6ybrkj6iv8n-clang-wrapper-19.1.7"
        },
        "x86_64-linux": {
          "outputs": [
            {
              "name": "out",
              "path": "/nix/store/q87df3dw0x7r1k9gagir9a5sdi3gmw4a-clang-wrapper-19.1.7",
              "default": true
            }
          ],
          "store_path": "/nix/store/q87df3dw0x7r1k9gagir9a5sdi3gmw4a-clang-wrapper-19.1.7"
        }
      }
    },
    "cmake@latest": {
      "last_modified": "2025-03-23T05:31:05Z",
      "resolved": "github:NixOS/nixpkgs/dd613136ee91f67e5dba3f3f41ac99ae89c5406b#cmake",
      "source": "devbox-search",
      "version": "3.31.5",
      "systems": {
        "aarch64-darwin": {
          "outputs": [
            {
              "name": "out",
              "path": "/nix/store/kk8pi5s49dbs5h0ald0w8cd42c4bwnqr-cmake-3.31.5",
              "default": true
            }
          ],
          "store_path": "/nix/store/kk8pi5s49dbs5h0ald0w8cd42c4bwnqr-cmake-3.31.5"
        },
        "aarch64-linux": {
          "outputs": [
            {
              "name": "out",
              "path": "/nix/store/xn9sd8gm81ls18qkgj5qnmfsnqi1p7gm-cmake-3.31.5",
              "default": true
            },
            {
              "name": "debug",
              "path": "/nix/store/7raphg07gdclykxp2d388bf79rqzj8f0-cmake-3.31.5-debug"
            }
          ],
          "store_path": "/nix/store/xn9sd8gm81ls18qkgj5qnmfsnqi1p7gm-cmake-3.31.5"
        },
        "x86_64-darwin": {
          "outputs": [
            {
              "name": "out",
              "path": "/nix/store/p9w37j80q80qid636hpgdwpknmrya75h-cmake-3.31.5",
              "default": true
            }
          ],
          "store_path": "/nix/store/p9w37j80q80qid636hpgdwpknmrya75h-cmake-3.31.5"
        },
        "x86_64-linux": {
          "outputs": [
            {
              "name": "out",
              "path": "/nix/store/ciiwq1ymzac9m5azhf4higkynmy3f8f7-cmake-3.31.5",
              "default": true
            },
            {
              "name": "debug",
              "path": "/nix/store/wnbcfvxq19wgyan7kdr25b201hjqfvan-cmake-3.31.5-debug"
            }
          ],
          "store_path": "/nix/store/ciiwq1ymzac9m5azhf4higkynmy3f8f7-cmake-3.31.5"
        }
      }
    },
    "github:NixOS/nixpkgs/nixpkgs-unstable": {
      "last_modified": "2025-04-28T20:04:36Z",
      "resolved": "github:NixOS/nixpkgs/fdb6c240562c5ad516253419cc6f26819705d3e0?lastModified=1745870676&narHash=sha256-IpldIaWrlasZZlKHPxitkrJ1ex4EVphuWYXVDdF5kf4%3D"
    },
    "python-full@latest": {
      "last_modified": "2025-05-16T20:19:48Z",
      "plugin_version": "0.0.4",
      "resolved": "github:NixOS/nixpkgs/12a55407652e04dcf2309436eb06fef0d3713ef3#python313Full",
      "source": "devbox-search",
      "version": "3.13.3",
      "systems": {
        "aarch64-darwin": {
          "outputs": [
            {
              "name": "out",
              "path": "/nix/store/p1bbd183vjqklb1mp1x7salmqgvgsffn-python3-3.13.3",
              "default": true
            }
          ],
          "store_path": "/nix/store/p1bbd183vjqklb1mp1x7salmqgvgsffn-python3-3.13.3"
        },
        "aarch64-linux": {
          "outputs": [
            {
              "name": "out",
              "path": "/nix/store/9g6b4jmm7cbdz9hd3hcs1g54hjy87zvh-python3-3.13.3",
              "default": true
            },
            {
              "name": "debug",
              "path": "/nix/store/gr7ypx12c415if8cgcks8w6qjk49fi2x-python3-3.13.3-debug"
            }
          ],
          "store_path": "/nix/store/9g6b4jmm7cbdz9hd3hcs1g54hjy87zvh-python3-3.13.3"
        },
        "x86_64-darwin": {
          "outputs": [
            {
              "name": "out",
              "path": "/nix/store/nqqln9c78wqnpzz0c4whqxh0g7jl9mfg-python3-3.13.3",
              "default": true
            }
          ],
          "store_path": "/nix/store/nqqln9c78wqnpzz0c4whqxh0g7jl9mfg-python3-3.13.3"
        },
        "x86_64-linux": {
          "outputs": [
            {
              "name": "out",
              "path": "/nix/store/pskwi0ysw5x6mf4k2bxv6rhrs0x6s4m6-python3-3.13.3",
              "default": true
            },
            {
              "name": "debug",
              "path": "/nix/store/z6636nvsbq9rrc19vnqbk8lcig4zhc3c-python3-3.13.3-debug"
            }
          ],
          "store_path": "/nix/store/pskwi0ysw5x6mf4k2bxv6rhrs0x6s4m6-python3-3.13.3"
        }
      }
    },
    "python313Packages.matplotlib@latest": {
      "last_modified": "2025-05-16T20:19:48Z",
      "resolved": "github:NixOS/nixpkgs/12a55407652e04dcf2309436eb06fef0d3713ef3#python313Packages.matplotlib",
      "source": "devbox-search",
      "version": "3.10.1",
      "systems": {
        "aarch64-darwin": {
          "outputs": [
            {
              "name": "out",
              "path": "/nix/store/ac5c2jkr3id2953l6ygbw54ypvxjx108-python3.13-matplotlib-3.10.1",
              "default": true
            },
            {
              "name": "dist",
              "path": "/nix/store/6bnh5ws2pv2l16yxiv936ihjdwrk8y0g-python3.13-matplotlib-3.10.1-dist"
            }
          ],
          "store_path": "/nix/store/ac5c2jkr3id2953l6ygbw54ypvxjx108-python3.13-matplotlib-3.10.1"
        },
        "aarch64-linux": {
          "outputs": [
            {
              "name": "out",
              "path": "/nix/store/i6r1a9kbg129726gyyqh9msy3y3yqkyy-python3.13-matplotlib-3.10.1",
              "default": true
            },
            {
              "name": "dist",
              "path": "/nix/store/xyg18caa48xg0wb63khhp99939af12rn-python3.13-matplotlib-3.10.1-dist"
            }
          ],
          "store_path": "/nix/store/i6r1a9kbg129726gyyqh9msy3y3yqkyy-python3.13-matplotlib-3.10.1"
        },
        "x86_64-darwin": {
          "outputs": [
            {
              "name": "out",
              "path": "/nix/store/xk5021mr2ckzfn2vwfpy992za85i2q8a-python3.13-matplotlib-3.10.1",
              "default": true
            },
            {
              "name": "dist",
              "path": "/nix/store/543fl5w3c0p91k93c06q12lan1572d7k-python3.13-matplotlib-3.10.1-dist"
            }
          ],
          "store_path": "/nix/store/xk5021mr2ckzfn2vwfpy992za85i2q8a-python3.13-matplotlib-3.10.1"
        },
        "x86_64-linux": {
          "outputs": [
            {
              "name": "out",
              "path": "/nix/store/9hygnwghv5mrdaddb4adfgz51slgpz1h-python3.13-matplotlib-3.10.1",
              "default": true
            },
            {
              "name": "dist",
              "path": "/nix/store/10mz8bmifjsi388vsgnipswji8g44516-python3.13-matplotlib-3.10.1-dist"
            }
          ],
          "store_path": "/nix/store/9hygnwghv5mrdaddb4adfgz51slgpz1h-python3.13-matplotlib-3.10.1"
        }
      }
    },
    "python313Packages.numpy@latest": {
      "last_modified": "2025-05-16T20:19:48Z",
      "resolved": "github:NixOS/nixpkgs/12a55407652e04dcf2309436eb06fef0d3713ef3#python313Packages.numpy",
      "source": "devbox-search",
      "version": "2.2.5",
      "systems": {
        "aarch64-darwin": {
          "outputs": [
            {
              "name": "out",
              "path": "/nix/store/09ga9c9slqyz8jcggvrdhr4fydwq4sdl-python3.13-numpy-2.2.5",
              "default": true
            },
            {
              "name": "dist",
              "path": "/nix/store/pbg4n0vpz318pm2zh8kwpk967x02yfmr-python3.13-numpy-2.2.5-dist"
            }
          ],
          "store_path": "/nix/store/09ga9c9slqyz8jcggvrdhr4fydwq4sdl-python3.13-numpy-2.2.5"
        },
        "aarch64-linux": {
          "outputs": [
            {
              "name": "out",
              "path": "/nix/store/s1iygclq3ffllapjc2jwhf7a4wlx097v-python3.13-numpy-2.2.5",
              "default": true
            },
            {
              "name": "dist",
              "path": "/nix/store/vlgfqd1qcyzm91mr2yyx82w5s32002ki-python3.13-numpy-2.2.5-dist"
            }
          ],
          "store_path": "/nix/store/s1iygclq3ffllapjc2jwhf7a4wlx097v-python3.13-numpy-2.2.5"
        },
        "x86_64-darwin": {
          "outputs": [
            {
              "name": "out",
              "path": "/nix/store/ncscam9gqifip289n0kq820rhh7rn04y-python3.13-numpy-2.2.5",
              "default": true
            },
            {
              "name": "dist",
              "path": "/nix/store/2y8cilkczrih7ikdad7sh9b517nrpgvj-python3.13-numpy-2.2.5-dist"
            }
          ],
          "store_path": "/nix/store/ncscam9gqifip289n0kq820rhh7rn04y-python3.13-numpy-2.2.5"
        },
        "x86_64-linux": {
          "outputs": [
            {
              "name": "out",
              "path": "/nix/store/i7y893g813a3yn3dfqzlq2npzxn8hf61-python3.13-numpy-2.2.5",
              "default": true
            },
            {
              "name": "dist",
              "path": "/nix/store/5mnybsr2sss7283xj9ck68mk0z8bjdbz-python3.13-numpy-2.2.5-dist"
            }
          ],
          "store_path": "/nix/store/i7y893g813a3yn3dfqzlq2npzxn8hf61-python3.13-numpy-2.2.5"
        }
      }
    },
    "stdenv@latest": {
      "last_modified": "2023-02-24T09:01:09Z",
      "resolved": "github:NixOS/nixpkgs/7d0ed7f2e5aea07ab22ccb338d27fbe347ed2f11#stdenv",
      "source": "devbox-search"
    }
  }
}
